
Microsoft Visual Studio Solution File, Format Version 12.00
# Visual Studio Version 17
VisualStudioVersion = 17.1.32421.90
MinimumVisualStudioVersion = 10.0.40219.1
Project("{FAE04EC0-301F-11D3-BF4B-00C04F79EFBC}") = "WinFormsApp8", "WinFormsApp8\WinFormsApp8.csproj", "{FD2BAA9C-277A-4906-9221-311D98C7CC1E}"
EndProject
Global
	GlobalSection(SolutionConfigurationPlatforms) = preSolution
		Debug|Any CPU = Debug|Any CPU
		Release|Any CPU = Release|Any CPU
	EndGlobalSection
	GlobalSection(ProjectConfigurationPlatforms) = postSolution
		{FD2BAA9C-277A-4906-9221-311D98C7CC1E}.Debug|Any CPU.ActiveCfg = Debug|Any CPU
		{FD2BAA9C-277A-4906-9221-311D98C7CC1E}.Debug|Any CPU.Build.0 = Debug|Any CPU
		{FD2BAA9C-277A-4906-9221-311D98C7CC1E}.Release|Any CPU.ActiveCfg = Release|Any CPU
		{FD2BAA9C-277A-4906-9221-311D98C7CC1E}.Release|Any CPU.Build.0 = Release|Any CPU
	EndGlobalSection
	GlobalSection(SolutionProperties) = preSolution
		HideSolutionNode = FALSE
	EndGlobalSection
	GlobalSection(ExtensibilityGlobals) = postSolution
		SolutionGuid = {8EEE9B9A-2592-4DB0-91DA-60332B33675A}
	EndGlobalSection
EndGlobal
